
Microsoft Visual Studio Solution File, Format Version 12.00
# Visual Studio Version 17
VisualStudioVersion = 17.7.34018.315
MinimumVisualStudioVersion = 10.0.40219.1
Project("{FAE04EC0-301F-11D3-BF4B-00C04F79EFBC}") = "WPF.Desktop.UI", "WPF.Desktop.UI\WPF.Desktop.UI.csproj", "{0D2641DB-63BF-4902-B8C7-59E07D68C997}"
EndProject
Project("{FAE04EC0-301F-11D3-BF4B-00C04F79EFBC}") = "Wpf.CustomControlLibrary", "Wpf.CustomControlLibrary\Wpf.CustomControlLibrary.csproj", "{28E8C5ED-6299-42EA-B786-C91F05439F5D}"
EndProject
Project("{FAE04EC0-301F-11D3-BF4B-00C04F79EFBC}") = "Wpf.DataValidationLibrary", "Wpf.DataValidationLibrary\Wpf.DataValidationLibrary.csproj", "{65EB480B-C550-425E-8CA6-6CF527CEB667}"
EndProject
Global
	GlobalSection(SolutionConfigurationPlatforms) = preSolution
		Debug|Any CPU = Debug|Any CPU
		Release|Any CPU = Release|Any CPU
	EndGlobalSection
	GlobalSection(ProjectConfigurationPlatforms) = postSolution
		{0D2641DB-63BF-4902-B8C7-59E07D68C997}.Debug|Any CPU.ActiveCfg = Debug|Any CPU
		{0D2641DB-63BF-4902-B8C7-59E07D68C997}.Debug|Any CPU.Build.0 = Debug|Any CPU
		{0D2641DB-63BF-4902-B8C7-59E07D68C997}.Release|Any CPU.ActiveCfg = Release|Any CPU
		{0D2641DB-63BF-4902-B8C7-59E07D68C997}.Release|Any CPU.Build.0 = Release|Any CPU
		{28E8C5ED-6299-42EA-B786-C91F05439F5D}.Debug|Any CPU.ActiveCfg = Debug|Any CPU
		{28E8C5ED-6299-42EA-B786-C91F05439F5D}.Debug|Any CPU.Build.0 = Debug|Any CPU
		{28E8C5ED-6299-42EA-B786-C91F05439F5D}.Release|Any CPU.ActiveCfg = Release|Any CPU
		{28E8C5ED-6299-42EA-B786-C91F05439F5D}.Release|Any CPU.Build.0 = Release|Any CPU
		{65EB480B-C550-425E-8CA6-6CF527CEB667}.Debug|Any CPU.ActiveCfg = Debug|Any CPU
		{65EB480B-C550-425E-8CA6-6CF527CEB667}.Debug|Any CPU.Build.0 = Debug|Any CPU
		{65EB480B-C550-425E-8CA6-6CF527CEB667}.Release|Any CPU.ActiveCfg = Release|Any CPU
		{65EB480B-C550-425E-8CA6-6CF527CEB667}.Release|Any CPU.Build.0 = Release|Any CPU
	EndGlobalSection
	GlobalSection(SolutionProperties) = preSolution
		HideSolutionNode = FALSE
	EndGlobalSection
	GlobalSection(ExtensibilityGlobals) = postSolution
		SolutionGuid = {385D4C05-6BB7-4427-B1FC-1397F64BA283}
	EndGlobalSection
EndGlobal
